// !$*UTF8*$!
{
	archiveVersion = 1;
	classes = {
	};
	objectVersion = 46;
	objects = {

/* Begin PBXBuildFile section */
		74A58B5B51FBE135A35A3731 /* libPods-NovumHominem.a in Frameworks */ = {isa = PBXBuildFile; fileRef = 9824282AE913265E0F7EB5E4 /* libPods-NovumHominem.a */; };
		9287BD361B2E888F00241EF0 /* main.m in Sources */ = {isa = PBXBuildFile; fileRef = 9287BD351B2E888F00241EF0 /* main.m */; };
		9287BD391B2E888F00241EF0 /* AppDelegate.m in Sources */ = {isa = PBXBuildFile; fileRef = 9287BD381B2E888F00241EF0 /* AppDelegate.m */; };
		9287BD3C1B2E888F00241EF0 /* ViewController.m in Sources */ = {isa = PBXBuildFile; fileRef = 9287BD3B1B2E888F00241EF0 /* ViewController.m */; };
		9287BD441B2E888F00241EF0 /* LaunchScreen.xib in Resources */ = {isa = PBXBuildFile; fileRef = 9287BD421B2E888F00241EF0 /* LaunchScreen.xib */; };
		9287BD501B2E888F00241EF0 /* NovumHominemTests.m in Sources */ = {isa = PBXBuildFile; fileRef = 9287BD4F1B2E888F00241EF0 /* NovumHominemTests.m */; };
		9287BD5B1B2E88A800241EF0 /* Main.storyboard in Resources */ = {isa = PBXBuildFile; fileRef = 9287BD591B2E88A800241EF0 /* Main.storyboard */; };
		9287BD5C1B2E88A800241EF0 /* Images.xcassets in Resources */ = {isa = PBXBuildFile; fileRef = 9287BD5A1B2E88A800241EF0 /* Images.xcassets */; };
		92927FEE1B30E59A009A5523 /* Parse.framework in Frameworks */ = {isa = PBXBuildFile; fileRef = 92927FEC1B30E59A009A5523 /* Parse.framework */; };
		92927FEF1B30E59A009A5523 /* ParseCrashReporting.framework in Frameworks */ = {isa = PBXBuildFile; fileRef = 92927FED1B30E59A009A5523 /* ParseCrashReporting.framework */; };
		92927FF41B30E5B1009A5523 /* Bolts.framework in Frameworks */ = {isa = PBXBuildFile; fileRef = 92927FF01B30E5B1009A5523 /* Bolts.framework */; };
		92927FF91B30E5D4009A5523 /* AudioToolbox.framework in Frameworks */ = {isa = PBXBuildFile; fileRef = 92927FF81B30E5D4009A5523 /* AudioToolbox.framework */; };
		92927FFB1B30E5E6009A5523 /* CFNetwork.framework in Frameworks */ = {isa = PBXBuildFile; fileRef = 92927FFA1B30E5E6009A5523 /* CFNetwork.framework */; };
		92927FFD1B30E5F7009A5523 /* CoreGraphics.framework in Frameworks */ = {isa = PBXBuildFile; fileRef = 92927FFC1B30E5F7009A5523 /* CoreGraphics.framework */; };
		92927FFF1B30E5FD009A5523 /* CoreLocation.framework in Frameworks */ = {isa = PBXBuildFile; fileRef = 92927FFE1B30E5FD009A5523 /* CoreLocation.framework */; };
		929280011B30E608009A5523 /* MobileCoreServices.framework in Frameworks */ = {isa = PBXBuildFile; fileRef = 929280001B30E608009A5523 /* MobileCoreServices.framework */; };
		929280031B30E60E009A5523 /* QuartzCore.framework in Frameworks */ = {isa = PBXBuildFile; fileRef = 929280021B30E60E009A5523 /* QuartzCore.framework */; };
		929280051B30E616009A5523 /* Security.framework in Frameworks */ = {isa = PBXBuildFile; fileRef = 929280041B30E616009A5523 /* Security.framework */; };
		929280071B30E61C009A5523 /* StoreKit.framework in Frameworks */ = {isa = PBXBuildFile; fileRef = 929280061B30E61C009A5523 /* StoreKit.framework */; };
		929280091B30E623009A5523 /* SystemConfiguration.framework in Frameworks */ = {isa = PBXBuildFile; fileRef = 929280081B30E623009A5523 /* SystemConfiguration.framework */; };
		9292800B1B30E62E009A5523 /* libstdc++.6.dylib in Frameworks */ = {isa = PBXBuildFile; fileRef = 9292800A1B30E62E009A5523 /* libstdc++.6.dylib */; };
		9292800D1B30E636009A5523 /* libz.dylib in Frameworks */ = {isa = PBXBuildFile; fileRef = 9292800C1B30E636009A5523 /* libz.dylib */; };
		9292800F1B30E63E009A5523 /* libsqlite3.dylib in Frameworks */ = {isa = PBXBuildFile; fileRef = 9292800E1B30E63E009A5523 /* libsqlite3.dylib */; };
		929280111B30E648009A5523 /* Accounts.framework in Frameworks */ = {isa = PBXBuildFile; fileRef = 929280101B30E648009A5523 /* Accounts.framework */; };
		929280131B30E64E009A5523 /* Social.framework in Frameworks */ = {isa = PBXBuildFile; fileRef = 929280121B30E64E009A5523 /* Social.framework */; };
/* End PBXBuildFile section */

/* Begin PBXContainerItemProxy section */
		9287BD4A1B2E888F00241EF0 /* PBXContainerItemProxy */ = {
			isa = PBXContainerItemProxy;
			containerPortal = 9287BD281B2E888F00241EF0 /* Project object */;
			proxyType = 1;
			remoteGlobalIDString = 9287BD2F1B2E888F00241EF0;
			remoteInfo = NovumHominem;
		};
/* End PBXContainerItemProxy section */

/* Begin PBXFileReference section */
		3AE6EC65C4CD05212DA17D93 /* Pods-NovumHominem.release.xcconfig */ = {isa = PBXFileReference; includeInIndex = 1; lastKnownFileType = text.xcconfig; name = "Pods-NovumHominem.release.xcconfig"; path = "Pods/Target Support Files/Pods-NovumHominem/Pods-NovumHominem.release.xcconfig"; sourceTree = "<group>"; };
		9287BD301B2E888F00241EF0 /* NovumHominem.app */ = {isa = PBXFileReference; explicitFileType = wrapper.application; includeInIndex = 0; path = NovumHominem.app; sourceTree = BUILT_PRODUCTS_DIR; };
		9287BD341B2E888F00241EF0 /* Info.plist */ = {isa = PBXFileReference; lastKnownFileType = text.plist.xml; path = Info.plist; sourceTree = "<group>"; };
		9287BD351B2E888F00241EF0 /* main.m */ = {isa = PBXFileReference; lastKnownFileType = sourcecode.c.objc; path = main.m; sourceTree = "<group>"; };
		9287BD371B2E888F00241EF0 /* AppDelegate.h */ = {isa = PBXFileReference; lastKnownFileType = sourcecode.c.h; path = AppDelegate.h; sourceTree = "<group>"; };
		9287BD381B2E888F00241EF0 /* AppDelegate.m */ = {isa = PBXFileReference; lastKnownFileType = sourcecode.c.objc; path = AppDelegate.m; sourceTree = "<group>"; };
		9287BD3A1B2E888F00241EF0 /* ViewController.h */ = {isa = PBXFileReference; lastKnownFileType = sourcecode.c.h; path = ViewController.h; sourceTree = "<group>"; };
		9287BD3B1B2E888F00241EF0 /* ViewController.m */ = {isa = PBXFileReference; lastKnownFileType = sourcecode.c.objc; path = ViewController.m; sourceTree = "<group>"; };
		9287BD431B2E888F00241EF0 /* Base */ = {isa = PBXFileReference; lastKnownFileType = file.xib; name = Base; path = Base.lproj/LaunchScreen.xib; sourceTree = "<group>"; };
		9287BD491B2E888F00241EF0 /* NovumHominemTests.xctest */ = {isa = PBXFileReference; explicitFileType = wrapper.cfbundle; includeInIndex = 0; path = NovumHominemTests.xctest; sourceTree = BUILT_PRODUCTS_DIR; };
		9287BD4E1B2E888F00241EF0 /* Info.plist */ = {isa = PBXFileReference; lastKnownFileType = text.plist.xml; path = Info.plist; sourceTree = "<group>"; };
		9287BD4F1B2E888F00241EF0 /* NovumHominemTests.m */ = {isa = PBXFileReference; lastKnownFileType = sourcecode.c.objc; path = NovumHominemTests.m; sourceTree = "<group>"; };
		9287BD591B2E88A800241EF0 /* Main.storyboard */ = {isa = PBXFileReference; fileEncoding = 4; lastKnownFileType = file.storyboard; path = Main.storyboard; sourceTree = "<group>"; };
		9287BD5A1B2E88A800241EF0 /* Images.xcassets */ = {isa = PBXFileReference; lastKnownFileType = folder.assetcatalog; path = Images.xcassets; sourceTree = "<group>"; };
		92927FEC1B30E59A009A5523 /* Parse.framework */ = {isa = PBXFileReference; lastKnownFileType = wrapper.framework; path = Parse.framework; sourceTree = "<group>"; };
		92927FED1B30E59A009A5523 /* ParseCrashReporting.framework */ = {isa = PBXFileReference; lastKnownFileType = wrapper.framework; path = ParseCrashReporting.framework; sourceTree = "<group>"; };
		92927FF01B30E5B1009A5523 /* Bolts.framework */ = {isa = PBXFileReference; lastKnownFileType = wrapper.framework; path = Bolts.framework; sourceTree = "<group>"; };
		92927FF81B30E5D4009A5523 /* AudioToolbox.framework */ = {isa = PBXFileReference; lastKnownFileType = wrapper.framework; name = AudioToolbox.framework; path = System/Library/Frameworks/AudioToolbox.framework; sourceTree = SDKROOT; };
		92927FFA1B30E5E6009A5523 /* CFNetwork.framework */ = {isa = PBXFileReference; lastKnownFileType = wrapper.framework; name = CFNetwork.framework; path = System/Library/Frameworks/CFNetwork.framework; sourceTree = SDKROOT; };
		92927FFC1B30E5F7009A5523 /* CoreGraphics.framework */ = {isa = PBXFileReference; lastKnownFileType = wrapper.framework; name = CoreGraphics.framework; path = System/Library/Frameworks/CoreGraphics.framework; sourceTree = SDKROOT; };
		92927FFE1B30E5FD009A5523 /* CoreLocation.framework */ = {isa = PBXFileReference; lastKnownFileType = wrapper.framework; name = CoreLocation.framework; path = System/Library/Frameworks/CoreLocation.framework; sourceTree = SDKROOT; };
		929280001B30E608009A5523 /* MobileCoreServices.framework */ = {isa = PBXFileReference; lastKnownFileType = wrapper.framework; name = MobileCoreServices.framework; path = System/Library/Frameworks/MobileCoreServices.framework; sourceTree = SDKROOT; };
		929280021B30E60E009A5523 /* QuartzCore.framework */ = {isa = PBXFileReference; lastKnownFileType = wrapper.framework; name = QuartzCore.framework; path = System/Library/Frameworks/QuartzCore.framework; sourceTree = SDKROOT; };
		929280041B30E616009A5523 /* Security.framework */ = {isa = PBXFileReference; lastKnownFileType = wrapper.framework; name = Security.framework; path = System/Library/Frameworks/Security.framework; sourceTree = SDKROOT; };
		929280061B30E61C009A5523 /* StoreKit.framework */ = {isa = PBXFileReference; lastKnownFileType = wrapper.framework; name = StoreKit.framework; path = System/Library/Frameworks/StoreKit.framework; sourceTree = SDKROOT; };
		929280081B30E623009A5523 /* SystemConfiguration.framework */ = {isa = PBXFileReference; lastKnownFileType = wrapper.framework; name = SystemConfiguration.framework; path = System/Library/Frameworks/SystemConfiguration.framework; sourceTree = SDKROOT; };
		9292800A1B30E62E009A5523 /* libstdc++.6.dylib */ = {isa = PBXFileReference; lastKnownFileType = "compiled.mach-o.dylib"; name = "libstdc++.6.dylib"; path = "usr/lib/libstdc++.6.dylib"; sourceTree = SDKROOT; };
		9292800C1B30E636009A5523 /* libz.dylib */ = {isa = PBXFileReference; lastKnownFileType = "compiled.mach-o.dylib"; name = libz.dylib; path = usr/lib/libz.dylib; sourceTree = SDKROOT; };
		9292800E1B30E63E009A5523 /* libsqlite3.dylib */ = {isa = PBXFileReference; lastKnownFileType = "compiled.mach-o.dylib"; name = libsqlite3.dylib; path = usr/lib/libsqlite3.dylib; sourceTree = SDKROOT; };
		929280101B30E648009A5523 /* Accounts.framework */ = {isa = PBXFileReference; lastKnownFileType = wrapper.framework; name = Accounts.framework; path = System/Library/Frameworks/Accounts.framework; sourceTree = SDKROOT; };
		929280121B30E64E009A5523 /* Social.framework */ = {isa = PBXFileReference; lastKnownFileType = wrapper.framework; name = Social.framework; path = System/Library/Frameworks/Social.framework; sourceTree = SDKROOT; };
		960B5ACE783AFB31AC2E0408 /* Pods-NovumHominem.debug.xcconfig */ = {isa = PBXFileReference; includeInIndex = 1; lastKnownFileType = text.xcconfig; name = "Pods-NovumHominem.debug.xcconfig"; path = "Pods/Target Support Files/Pods-NovumHominem/Pods-NovumHominem.debug.xcconfig"; sourceTree = "<group>"; };
		9824282AE913265E0F7EB5E4 /* libPods-NovumHominem.a */ = {isa = PBXFileReference; explicitFileType = archive.ar; includeInIndex = 0; path = "libPods-NovumHominem.a"; sourceTree = BUILT_PRODUCTS_DIR; };
/* End PBXFileReference section */

/* Begin PBXFrameworksBuildPhase section */
		9287BD2D1B2E888F00241EF0 /* Frameworks */ = {
			isa = PBXFrameworksBuildPhase;
			buildActionMask = 2147483647;
			files = (
				74A58B5B51FBE135A35A3731 /* libPods-NovumHominem.a in Frameworks */,
				9292800F1B30E63E009A5523 /* libsqlite3.dylib in Frameworks */,
				9292800D1B30E636009A5523 /* libz.dylib in Frameworks */,
				9292800B1B30E62E009A5523 /* libstdc++.6.dylib in Frameworks */,
				929280131B30E64E009A5523 /* Social.framework in Frameworks */,
				929280111B30E648009A5523 /* Accounts.framework in Frameworks */,
				929280091B30E623009A5523 /* SystemConfiguration.framework in Frameworks */,
				929280071B30E61C009A5523 /* StoreKit.framework in Frameworks */,
				929280051B30E616009A5523 /* Security.framework in Frameworks */,
				929280031B30E60E009A5523 /* QuartzCore.framework in Frameworks */,
				929280011B30E608009A5523 /* MobileCoreServices.framework in Frameworks */,
				92927FFF1B30E5FD009A5523 /* CoreLocation.framework in Frameworks */,
				92927FFD1B30E5F7009A5523 /* CoreGraphics.framework in Frameworks */,
				92927FFB1B30E5E6009A5523 /* CFNetwork.framework in Frameworks */,
				92927FF91B30E5D4009A5523 /* AudioToolbox.framework in Frameworks */,
				92927FEE1B30E59A009A5523 /* Parse.framework in Frameworks */,
				92927FEF1B30E59A009A5523 /* ParseCrashReporting.framework in Frameworks */,
				92927FF41B30E5B1009A5523 /* Bolts.framework in Frameworks */,
			);
			runOnlyForDeploymentPostprocessing = 0;
		};
		9287BD461B2E888F00241EF0 /* Frameworks */ = {
			isa = PBXFrameworksBuildPhase;
			buildActionMask = 2147483647;
			files = (
			);
			runOnlyForDeploymentPostprocessing = 0;
		};
/* End PBXFrameworksBuildPhase section */

/* Begin PBXGroup section */
		18BF9268BD38FCBA7D4E3FED /* Frameworks */ = {
			isa = PBXGroup;
			children = (
				929280121B30E64E009A5523 /* Social.framework */,
				929280101B30E648009A5523 /* Accounts.framework */,
				9292800E1B30E63E009A5523 /* libsqlite3.dylib */,
				9292800C1B30E636009A5523 /* libz.dylib */,
				9292800A1B30E62E009A5523 /* libstdc++.6.dylib */,
				929280081B30E623009A5523 /* SystemConfiguration.framework */,
				929280061B30E61C009A5523 /* StoreKit.framework */,
				929280041B30E616009A5523 /* Security.framework */,
				929280021B30E60E009A5523 /* QuartzCore.framework */,
				929280001B30E608009A5523 /* MobileCoreServices.framework */,
				92927FFE1B30E5FD009A5523 /* CoreLocation.framework */,
				92927FFC1B30E5F7009A5523 /* CoreGraphics.framework */,
				92927FFA1B30E5E6009A5523 /* CFNetwork.framework */,
				92927FF81B30E5D4009A5523 /* AudioToolbox.framework */,
				9824282AE913265E0F7EB5E4 /* libPods-NovumHominem.a */,
				92927FF01B30E5B1009A5523 /* Bolts.framework */,
				92927FEC1B30E59A009A5523 /* Parse.framework */,
				92927FED1B30E59A009A5523 /* ParseCrashReporting.framework */,
			);
			name = Frameworks;
			sourceTree = "<group>";
		};
		55105DAA90467967B122F781 /* Pods */ = {
			isa = PBXGroup;
			children = (
				960B5ACE783AFB31AC2E0408 /* Pods-NovumHominem.debug.xcconfig */,
				3AE6EC65C4CD05212DA17D93 /* Pods-NovumHominem.release.xcconfig */,
			);
			name = Pods;
			sourceTree = "<group>";
		};
		9287BD271B2E888F00241EF0 = {
			isa = PBXGroup;
			children = (
				9287BD321B2E888F00241EF0 /* NovumHominem */,
				9287BD4C1B2E888F00241EF0 /* NovumHominemTests */,
				9287BD311B2E888F00241EF0 /* Products */,
				55105DAA90467967B122F781 /* Pods */,
				18BF9268BD38FCBA7D4E3FED /* Frameworks */,
			);
			sourceTree = "<group>";
		};
		9287BD311B2E888F00241EF0 /* Products */ = {
			isa = PBXGroup;
			children = (
				9287BD301B2E888F00241EF0 /* NovumHominem.app */,
				9287BD491B2E888F00241EF0 /* NovumHominemTests.xctest */,
			);
			name = Products;
			sourceTree = "<group>";
		};
		9287BD321B2E888F00241EF0 /* NovumHominem */ = {
			isa = PBXGroup;
			children = (
				9287BD371B2E888F00241EF0 /* AppDelegate.h */,
				9287BD381B2E888F00241EF0 /* AppDelegate.m */,
				9287BD3A1B2E888F00241EF0 /* ViewController.h */,
				9287BD3B1B2E888F00241EF0 /* ViewController.m */,
				9287BD591B2E88A800241EF0 /* Main.storyboard */,
				9287BD5A1B2E88A800241EF0 /* Images.xcassets */,
				9287BD421B2E888F00241EF0 /* LaunchScreen.xib */,
				9287BD331B2E888F00241EF0 /* Supporting Files */,
			);
			path = NovumHominem;
			sourceTree = "<group>";
		};
		9287BD331B2E888F00241EF0 /* Supporting Files */ = {
			isa = PBXGroup;
			children = (
				9287BD341B2E888F00241EF0 /* Info.plist */,
				9287BD351B2E888F00241EF0 /* main.m */,
			);
			name = "Supporting Files";
			sourceTree = "<group>";
		};
		9287BD4C1B2E888F00241EF0 /* NovumHominemTests */ = {
			isa = PBXGroup;
			children = (
				9287BD4F1B2E888F00241EF0 /* NovumHominemTests.m */,
				9287BD4D1B2E888F00241EF0 /* Supporting Files */,
			);
			path = NovumHominemTests;
			sourceTree = "<group>";
		};
		9287BD4D1B2E888F00241EF0 /* Supporting Files */ = {
			isa = PBXGroup;
			children = (
				9287BD4E1B2E888F00241EF0 /* Info.plist */,
			);
			name = "Supporting Files";
			sourceTree = "<group>";
		};
/* End PBXGroup section */

/* Begin PBXNativeTarget section */
		9287BD2F1B2E888F00241EF0 /* NovumHominem */ = {
			isa = PBXNativeTarget;
			buildConfigurationList = 9287BD531B2E888F00241EF0 /* Build configuration list for PBXNativeTarget "NovumHominem" */;
			buildPhases = (
				B2691AD0D1F945CD4979AE1B /* Check Pods Manifest.lock */,
				9287BD2C1B2E888F00241EF0 /* Sources */,
				9287BD2D1B2E888F00241EF0 /* Frameworks */,
				9287BD2E1B2E888F00241EF0 /* Resources */,
				B6DC6A18A76AF847067B1D32 /* Copy Pods Resources */,
				929280141B30E74B009A5523 /* Parse Script */,
			);
			buildRules = (
			);
			dependencies = (
			);
			name = NovumHominem;
			productName = NovumHominem;
			productReference = 9287BD301B2E888F00241EF0 /* NovumHominem.app */;
			productType = "com.apple.product-type.application";
		};
		9287BD481B2E888F00241EF0 /* NovumHominemTests */ = {
			isa = PBXNativeTarget;
			buildConfigurationList = 9287BD561B2E888F00241EF0 /* Build configuration list for PBXNativeTarget "NovumHominemTests" */;
			buildPhases = (
				9287BD451B2E888F00241EF0 /* Sources */,
				9287BD461B2E888F00241EF0 /* Frameworks */,
				9287BD471B2E888F00241EF0 /* Resources */,
			);
			buildRules = (
			);
			dependencies = (
				9287BD4B1B2E888F00241EF0 /* PBXTargetDependency */,
			);
			name = NovumHominemTests;
			productName = NovumHominemTests;
			productReference = 9287BD491B2E888F00241EF0 /* NovumHominemTests.xctest */;
			productType = "com.apple.product-type.bundle.unit-test";
		};
/* End PBXNativeTarget section */

/* Begin PBXProject section */
		9287BD281B2E888F00241EF0 /* Project object */ = {
			isa = PBXProject;
			attributes = {
				LastUpgradeCheck = 0610;
				ORGANIZATIONNAME = CataholicPicksburg;
				TargetAttributes = {
					9287BD2F1B2E888F00241EF0 = {
						CreatedOnToolsVersion = 6.1.1;
						DevelopmentTeam = 7C552VZK83;
					};
					9287BD481B2E888F00241EF0 = {
						CreatedOnToolsVersion = 6.1.1;
						TestTargetID = 9287BD2F1B2E888F00241EF0;
					};
				};
			};
			buildConfigurationList = 9287BD2B1B2E888F00241EF0 /* Build configuration list for PBXProject "NovumHominem" */;
			compatibilityVersion = "Xcode 3.2";
			developmentRegion = English;
			hasScannedForEncodings = 0;
			knownRegions = (
				en,
				Base,
			);
			mainGroup = 9287BD271B2E888F00241EF0;
			productRefGroup = 9287BD311B2E888F00241EF0 /* Products */;
			projectDirPath = "";
			projectRoot = "";
			targets = (
				9287BD2F1B2E888F00241EF0 /* NovumHominem */,
				9287BD481B2E888F00241EF0 /* NovumHominemTests */,
			);
		};
/* End PBXProject section */

/* Begin PBXResourcesBuildPhase section */
		9287BD2E1B2E888F00241EF0 /* Resources */ = {
			isa = PBXResourcesBuildPhase;
			buildActionMask = 2147483647;
			files = (
				9287BD5C1B2E88A800241EF0 /* Images.xcassets in Resources */,
				9287BD441B2E888F00241EF0 /* LaunchScreen.xib in Resources */,
				9287BD5B1B2E88A800241EF0 /* Main.storyboard in Resources */,
			);
			runOnlyForDeploymentPostprocessing = 0;
		};
		9287BD471B2E888F00241EF0 /* Resources */ = {
			isa = PBXResourcesBuildPhase;
			buildActionMask = 2147483647;
			files = (
			);
			runOnlyForDeploymentPostprocessing = 0;
		};
/* End PBXResourcesBuildPhase section */

/* Begin PBXShellScriptBuildPhase section */
		929280141B30E74B009A5523 /* Parse Script */ = {
			isa = PBXShellScriptBuildPhase;
			buildActionMask = 2147483647;
			files = (
			);
			inputPaths = (
			);
			name = "Parse Script";
			outputPaths = (
			);
			runOnlyForDeploymentPostprocessing = 0;
			shellPath = /bin/sh;
			shellScript = "export PATH=/usr/local/bin:$PATH\ncd \"${PROJECT_DIR}\"/parse\n\nparse symbols -p \"${DWARF_DSYM_FOLDER_PATH}/${DWARF_DSYM_FILE_NAME}\"";
		};
		B2691AD0D1F945CD4979AE1B /* Check Pods Manifest.lock */ = {
			isa = PBXShellScriptBuildPhase;
			buildActionMask = 2147483647;
			files = (
			);
			inputPaths = (
			);
			name = "Check Pods Manifest.lock";
			outputPaths = (
			);
			runOnlyForDeploymentPostprocessing = 0;
			shellPath = /bin/sh;
			shellScript = "diff \"${PODS_ROOT}/../Podfile.lock\" \"${PODS_ROOT}/Manifest.lock\" > /dev/null\nif [[ $? != 0 ]] ; then\n    cat << EOM\nerror: The sandbox is not in sync with the Podfile.lock. Run 'pod install' or update your CocoaPods installation.\nEOM\n    exit 1\nfi\n";
			showEnvVarsInLog = 0;
		};
		B6DC6A18A76AF847067B1D32 /* Copy Pods Resources */ = {
			isa = PBXShellScriptBuildPhase;
			buildActionMask = 2147483647;
			files = (
			);
			inputPaths = (
			);
			name = "Copy Pods Resources";
			outputPaths = (
			);
			runOnlyForDeploymentPostprocessing = 0;
			shellPath = /bin/sh;
			shellScript = "\"${SRCROOT}/Pods/Target Support Files/Pods-NovumHominem/Pods-NovumHominem-resources.sh\"\n";
			showEnvVarsInLog = 0;
		};
/* End PBXShellScriptBuildPhase section */

/* Begin PBXSourcesBuildPhase section */
		9287BD2C1B2E888F00241EF0 /* Sources */ = {
			isa = PBXSourcesBuildPhase;
			buildActionMask = 2147483647;
			files = (
				9287BD3C1B2E888F00241EF0 /* ViewController.m in Sources */,
				9287BD391B2E888F00241EF0 /* AppDelegate.m in Sources */,
				9287BD361B2E888F00241EF0 /* main.m in Sources */,
			);
			runOnlyForDeploymentPostprocessing = 0;
		};
		9287BD451B2E888F00241EF0 /* Sources */ = {
			isa = PBXSourcesBuildPhase;
			buildActionMask = 2147483647;
			files = (
				9287BD501B2E888F00241EF0 /* NovumHominemTests.m in Sources */,
			);
			runOnlyForDeploymentPostprocessing = 0;
		};
/* End PBXSourcesBuildPhase section */

/* Begin PBXTargetDependency section */
		9287BD4B1B2E888F00241EF0 /* PBXTargetDependency */ = {
			isa = PBXTargetDependency;
			target = 9287BD2F1B2E888F00241EF0 /* NovumHominem */;
			targetProxy = 9287BD4A1B2E888F00241EF0 /* PBXContainerItemProxy */;
		};
/* End PBXTargetDependency section */

/* Begin PBXVariantGroup section */
		9287BD421B2E888F00241EF0 /* LaunchScreen.xib */ = {
			isa = PBXVariantGroup;
			children = (
				9287BD431B2E888F00241EF0 /* Base */,
			);
			name = LaunchScreen.xib;
			sourceTree = "<group>";
		};
/* End PBXVariantGroup section */

/* Begin XCBuildConfiguration section */
		9287BD511B2E888F00241EF0 /* Debug */ = {
			isa = XCBuildConfiguration;
			buildSettings = {
				ALWAYS_SEARCH_USER_PATHS = NO;
				CLANG_CXX_LANGUAGE_STANDARD = "gnu++0x";
				CLANG_CXX_LIBRARY = "libc++";
				CLANG_ENABLE_MODULES = YES;
				CLANG_ENABLE_OBJC_ARC = YES;
				CLANG_WARN_BOOL_CONVERSION = YES;
				CLANG_WARN_CONSTANT_CONVERSION = YES;
				CLANG_WARN_DIRECT_OBJC_ISA_USAGE = YES_ERROR;
				CLANG_WARN_EMPTY_BODY = YES;
				CLANG_WARN_ENUM_CONVERSION = YES;
				CLANG_WARN_INT_CONVERSION = YES;
				CLANG_WARN_OBJC_ROOT_CLASS = YES_ERROR;
				CLANG_WARN_UNREACHABLE_CODE = YES;
				CLANG_WARN__DUPLICATE_METHOD_MATCH = YES;
				"CODE_SIGN_IDENTITY[sdk=iphoneos*]" = "iPhone Developer";
				COPY_PHASE_STRIP = NO;
				ENABLE_STRICT_OBJC_MSGSEND = YES;
				GCC_C_LANGUAGE_STANDARD = gnu99;
				GCC_DYNAMIC_NO_PIC = NO;
				GCC_OPTIMIZATION_LEVEL = 0;
				GCC_PREPROCESSOR_DEFINITIONS = (
					"DEBUG=1",
					"$(inherited)",
				);
				GCC_SYMBOLS_PRIVATE_EXTERN = NO;
				GCC_WARN_64_TO_32_BIT_CONVERSION = YES;
				GCC_WARN_ABOUT_RETURN_TYPE = YES_ERROR;
				GCC_WARN_UNDECLARED_SELECTOR = YES;
				GCC_WARN_UNINITIALIZED_AUTOS = YES_AGGRESSIVE;
				GCC_WARN_UNUSED_FUNCTION = YES;
				GCC_WARN_UNUSED_VARIABLE = YES;
				IPHONEOS_DEPLOYMENT_TARGET = 8.1;
				MTL_ENABLE_DEBUG_INFO = YES;
				ONLY_ACTIVE_ARCH = YES;
				SDKROOT = iphoneos;
			};
			name = Debug;
		};
		9287BD521B2E888F00241EF0 /* Release */ = {
			isa = XCBuildConfiguration;
			buildSettings = {
				ALWAYS_SEARCH_USER_PATHS = NO;
				CLANG_CXX_LANGUAGE_STANDARD = "gnu++0x";
				CLANG_CXX_LIBRARY = "libc++";
				CLANG_ENABLE_MODULES = YES;
				CLANG_ENABLE_OBJC_ARC = YES;
				CLANG_WARN_BOOL_CONVERSION = YES;
				CLANG_WARN_CONSTANT_CONVERSION = YES;
				CLANG_WARN_DIRECT_OBJC_ISA_USAGE = YES_ERROR;
				CLANG_WARN_EMPTY_BODY = YES;
				CLANG_WARN_ENUM_CONVERSION = YES;
				CLANG_WARN_INT_CONVERSION = YES;
				CLANG_WARN_OBJC_ROOT_CLASS = YES_ERROR;
				CLANG_WARN_UNREACHABLE_CODE = YES;
				CLANG_WARN__DUPLICATE_METHOD_MATCH = YES;
				"CODE_SIGN_IDENTITY[sdk=iphoneos*]" = "iPhone Developer";
				COPY_PHASE_STRIP = YES;
				ENABLE_NS_ASSERTIONS = NO;
				ENABLE_STRICT_OBJC_MSGSEND = YES;
				GCC_C_LANGUAGE_STANDARD = gnu99;
				GCC_WARN_64_TO_32_BIT_CONVERSION = YES;
				GCC_WARN_ABOUT_RETURN_TYPE = YES_ERROR;
				GCC_WARN_UNDECLARED_SELECTOR = YES;
				GCC_WARN_UNINITIALIZED_AUTOS = YES_AGGRESSIVE;
				GCC_WARN_UNUSED_FUNCTION = YES;
				GCC_WARN_UNUSED_VARIABLE = YES;
				IPHONEOS_DEPLOYMENT_TARGET = 8.1;
				MTL_ENABLE_DEBUG_INFO = NO;
				SDKROOT = iphoneos;
				VALIDATE_PRODUCT = YES;
			};
			name = Release;
		};
		9287BD541B2E888F00241EF0 /* Debug */ = {
			isa = XCBuildConfiguration;
			baseConfigurationReference = 960B5ACE783AFB31AC2E0408 /* Pods-NovumHominem.debug.xcconfig */;
			buildSettings = {
				ASSETCATALOG_COMPILER_APPICON_NAME = AppIcon;
				FRAMEWORK_SEARCH_PATHS = (
					"$(inherited)",
					"$(PROJECT_DIR)",
				);
				INFOPLIST_FILE = NovumHominem/Info.plist;
				LD_RUNPATH_SEARCH_PATHS = "$(inherited) @executable_path/Frameworks";
				PRODUCT_NAME = "$(TARGET_NAME)";
			};
			name = Debug;
		};
		9287BD551B2E888F00241EF0 /* Release */ = {
			isa = XCBuildConfiguration;
			baseConfigurationReference = 3AE6EC65C4CD05212DA17D93 /* Pods-NovumHominem.release.xcconfig */;
			buildSettings = {
				ASSETCATALOG_COMPILER_APPICON_NAME = AppIcon;
				FRAMEWORK_SEARCH_PATHS = (
					"$(inherited)",
					"$(PROJECT_DIR)",
				);
				INFOPLIST_FILE = NovumHominem/Info.plist;
				LD_RUNPATH_SEARCH_PATHS = "$(inherited) @executable_path/Frameworks";
				PRODUCT_NAME = "$(TARGET_NAME)";
			};
			name = Release;
		};
		9287BD571B2E888F00241EF0 /* Debug */ = {
			isa = XCBuildConfiguration;
			buildSettings = {
				BUNDLE_LOADER = "$(TEST_HOST)";
				FRAMEWORK_SEARCH_PATHS = (
					"$(SDKROOT)/Developer/Library/Frameworks",
					"$(inherited)",
				);
				GCC_PREPROCESSOR_DEFINITIONS = (
					"DEBUG=1",
					"$(inherited)",
				);
				INFOPLIST_FILE = NovumHominemTests/Info.plist;
				LD_RUNPATH_SEARCH_PATHS = "$(inherited) @executable_path/Frameworks @loader_path/Frameworks";
				PRODUCT_NAME = "$(TARGET_NAME)";
				TEST_HOST = "$(BUILT_PRODUCTS_DIR)/NovumHominem.app/NovumHominem";
			};
			name = Debug;
		};
		9287BD581B2E888F00241EF0 /* Release */ = {
			isa = XCBuildConfiguration;
			buildSettings = {
				BUNDLE_LOADER = "$(TEST_HOST)";
				FRAMEWORK_SEARCH_PATHS = (
					"$(SDKROOT)/Developer/Library/Frameworks",
					"$(inherited)",
				);
				INFOPLIST_FILE = NovumHominemTests/Info.plist;
				LD_RUNPATH_SEARCH_PATHS = "$(inherited) @executable_path/Frameworks @loader_path/Frameworks";
				PRODUCT_NAME = "$(TARGET_NAME)";
				TEST_HOST = "$(BUILT_PRODUCTS_DIR)/NovumHominem.app/NovumHominem";
			};
			name = Release;
		};
/* End XCBuildConfiguration section */

/* Begin XCConfigurationList section */
		9287BD2B1B2E888F00241EF0 /* Build configuration list for PBXProject "NovumHominem" */ = {
			isa = XCConfigurationList;
			buildConfigurations = (
				9287BD511B2E888F00241EF0 /* Debug */,
				9287BD521B2E888F00241EF0 /* Release */,
			);
			defaultConfigurationIsVisible = 0;
			defaultConfigurationName = Release;
		};
		9287BD531B2E888F00241EF0 /* Build configuration list for PBXNativeTarget "NovumHominem" */ = {
			isa = XCConfigurationList;
			buildConfigurations = (
				9287BD541B2E888F00241EF0 /* Debug */,
				9287BD551B2E888F00241EF0 /* Release */,
			);
			defaultConfigurationIsVisible = 0;
			defaultConfigurationName = Release;
		};
		9287BD561B2E888F00241EF0 /* Build configuration list for PBXNativeTarget "NovumHominemTests" */ = {
			isa = XCConfigurationList;
			buildConfigurations = (
				9287BD571B2E888F00241EF0 /* Debug */,
				9287BD581B2E888F00241EF0 /* Release */,
			);
			defaultConfigurationIsVisible = 0;
			defaultConfigurationName = Release;
		};
/* End XCConfigurationList section */
	};
	rootObject = 9287BD281B2E888F00241EF0 /* Project object */;
}
